
Microsoft Visual Studio Solution File, Format Version 12.00
# Visual Studio 2013
VisualStudioVersion = 12.0.21005.1
MinimumVisualStudioVersion = 10.0.40219.1
Project("{FAE04EC0-301F-11D3-BF4B-00C04F79EFBC}") = "T3_A_201804520006_HaenukiSachi", "T3_A_201804520006_HaenukiSachi\T3_A_201804520006_HaenukiSachi.csproj", "{CE94EC3B-F301-4AA7-9772-F23D5E4829EE}"
EndProject
Global
	GlobalSection(SolutionConfigurationPlatforms) = preSolution
		Debug|Any CPU = Debug|Any CPU
		Release|Any CPU = Release|Any CPU
	EndGlobalSection
	GlobalSection(ProjectConfigurationPlatforms) = postSolution
		{CE94EC3B-F301-4AA7-9772-F23D5E4829EE}.Debug|Any CPU.ActiveCfg = Debug|Any CPU
		{CE94EC3B-F301-4AA7-9772-F23D5E4829EE}.Debug|Any CPU.Build.0 = Debug|Any CPU
		{CE94EC3B-F301-4AA7-9772-F23D5E4829EE}.Release|Any CPU.ActiveCfg = Release|Any CPU
		{CE94EC3B-F301-4AA7-9772-F23D5E4829EE}.Release|Any CPU.Build.0 = Release|Any CPU
	EndGlobalSection
	GlobalSection(SolutionProperties) = preSolution
		HideSolutionNode = FALSE
	EndGlobalSection
EndGlobal
